
Microsoft Visual Studio Solution File, Format Version 12.00
# Visual Studio Version 16
VisualStudioVersion = 16.0.30204.135
MinimumVisualStudioVersion = 10.0.40219.1
Project("{FAE04EC0-301F-11D3-BF4B-00C04F79EFBC}") = "sample_5_7", "sample_5_7\sample_5_7.csproj", "{2DECBF2D-4348-4171-BFE9-5F904050F038}"
EndProject
Global
	GlobalSection(SolutionConfigurationPlatforms) = preSolution
		Debug|Any CPU = Debug|Any CPU
		Release|Any CPU = Release|Any CPU
	EndGlobalSection
	GlobalSection(ProjectConfigurationPlatforms) = postSolution
		{2DECBF2D-4348-4171-BFE9-5F904050F038}.Debug|Any CPU.ActiveCfg = Debug|Any CPU
		{2DECBF2D-4348-4171-BFE9-5F904050F038}.Debug|Any CPU.Build.0 = Debug|Any CPU
		{2DECBF2D-4348-4171-BFE9-5F904050F038}.Release|Any CPU.ActiveCfg = Release|Any CPU
		{2DECBF2D-4348-4171-BFE9-5F904050F038}.Release|Any CPU.Build.0 = Release|Any CPU
	EndGlobalSection
	GlobalSection(SolutionProperties) = preSolution
		HideSolutionNode = FALSE
	EndGlobalSection
	GlobalSection(ExtensibilityGlobals) = postSolution
		SolutionGuid = {EF148E8D-FBFE-47D5-8584-B072BC1951B8}
	EndGlobalSection
EndGlobal
